lockfileVersion: '9.0'

settings:
  autoInstallPeers: true
  excludeLinksFromLockfile: false

importers:

  .:
    dependencies:
      snarkdown:
        specifier: ^2.0.0
        version: 2.0.0

packages:

  snarkdown@2.0.0:
    resolution: {integrity: sha512-MgL/7k/AZdXCTJiNgrO7chgDqaB9FGM/1Tvlcenenb7div6obaDATzs16JhFyHHBGodHT3B7RzRc5qk8pFhg3A==}

snapshots:

  snarkdown@2.0.0: {}
